
Microsoft Visual Studio Solution File, Format Version 12.00
# Visual Studio Version 17
VisualStudioVersion = 17.9.34728.123
MinimumVisualStudioVersion = 10.0.40219.1
Project("{9A19103F-16F7-4668-BE54-9A1E7A4F7556}") = "EmailProvider", "EmailProvider.csproj", "{2F8DF620-F050-46B2-854E-54E3AB10F31E}"
EndProject
Project("{FAE04EC0-301F-11D3-BF4B-00C04F79EFBC}") = "EmailProivder.Tests", "..\EmailProivder.Tests\EmailProivder.Tests.csproj", "{93EE7E85-99FC-4C1F-BC3D-8A1C84BB2521}"
EndProject
Global
	GlobalSection(SolutionConfigurationPlatforms) = preSolution
		Debug|Any CPU = Debug|Any CPU
		Release|Any CPU = Release|Any CPU
	EndGlobalSection
	GlobalSection(ProjectConfigurationPlatforms) = postSolution
		{2F8DF620-F050-46B2-854E-54E3AB10F31E}.Debug|Any CPU.ActiveCfg = Debug|Any CPU
		{2F8DF620-F050-46B2-854E-54E3AB10F31E}.Debug|Any CPU.Build.0 = Debug|Any CPU
		{2F8DF620-F050-46B2-854E-54E3AB10F31E}.Release|Any CPU.ActiveCfg = Release|Any CPU
		{2F8DF620-F050-46B2-854E-54E3AB10F31E}.Release|Any CPU.Build.0 = Release|Any CPU
		{93EE7E85-99FC-4C1F-BC3D-8A1C84BB2521}.Debug|Any CPU.ActiveCfg = Debug|Any CPU
		{93EE7E85-99FC-4C1F-BC3D-8A1C84BB2521}.Debug|Any CPU.Build.0 = Debug|Any CPU
		{93EE7E85-99FC-4C1F-BC3D-8A1C84BB2521}.Release|Any CPU.ActiveCfg = Release|Any CPU
		{93EE7E85-99FC-4C1F-BC3D-8A1C84BB2521}.Release|Any CPU.Build.0 = Release|Any CPU
	EndGlobalSection
	GlobalSection(SolutionProperties) = preSolution
		HideSolutionNode = FALSE
	EndGlobalSection
	GlobalSection(ExtensibilityGlobals) = postSolution
		SolutionGuid = {24514C8D-A015-43ED-9606-4B14D4E8021A}
	EndGlobalSection
EndGlobal
